{
  "name": "npm-proj-1701383804699-0.21072187407862253UMg5bf",
  "lockfileVersion": 1,
  "requires": true,
  "dependencies": {
    "cached-path-relative": {
      "version": "1.0.2",
      "resolved": "https://registry.npmjs.org/cached-path-relative/-/cached-path-relative-1.0.2.tgz",
      "integrity": "sha512-5r2GqsoEb4qMTTN9J+WzXfjov+hjxT+j3u5K+kIVNIwAd99DLCJE9pBIMP1qVeybV6JiijL385Oz0DcYxfbOIg==",
      "dev": true
    },
    "classlist-polyfill": {
      "version": "1.2.0",
      "resolved": "https://registry.npmjs.org/classlist-polyfill/-/classlist-polyfill-1.2.0.tgz",
      "integrity": "sha1-k1vC39lFiodrJ5YXUUY4vKqWSi4="
    },
    "domready": {
      "version": "1.0.8",
      "resolved": "https://registry.npmjs.org/domready/-/domready-1.0.8.tgz",
      "integrity": "sha1-kfJS5Ze2Wvd+dFriTdAYXV4m1Yw="
    },
    "element-closest": {
      "version": "2.0.2",
      "resolved": "https://registry.npmjs.org/element-closest/-/element-closest-2.0.2.tgz",
      "integrity": "sha1-cqdAoQdFM4LijfnOXbtajfD5Zuw="
    },
    "keyboardevent-key-polyfill": {
      "version": "1.1.0",
      "resolved": "https://registry.npmjs.org/keyboardevent-key-polyfill/-/keyboardevent-key-polyfill-1.1.0.tgz",
      "integrity": "sha1-ijGdjkWhMXL8pWKGNy+QwdTHAUw="
    },
    "matches-selector": {
      "version": "1.2.0",
      "resolved": "https://registry.npmjs.org/matches-selector/-/matches-selector-1.2.0.tgz",
      "integrity": "sha512-c4vLwYWyl+Ji+U43eU/G5FwxWd4ZH0ePUsFs5y0uwD9HUEFBXUQ1zUUan+78IpRD+y4pUfG0nAzNM292K7ItvA=="
    },
    "object-assign": {
      "version": "4.1.1",
      "resolved": "https://registry.npmjs.org/object-assign/-/object-assign-4.1.1.tgz",
      "integrity": "sha1-IQmtx5ZYh8/AXLvUQsrIv7s2CGM="
    },
    "receptor": {
      "version": "1.0.0",
      "resolved": "https://registry.npmjs.org/receptor/-/receptor-1.0.0.tgz",
      "integrity": "sha1-v1RHfgOH5Evr84VRILvaWt6gj4s=",
      "requires": {
        "element-closest": "^2.0.1",
        "keyboardevent-key-polyfill": "^1.0.2",
        "matches-selector": "^1.0.0",
        "object-assign": "^4.1.0"
      }
    },
    "resolve-id-refs": {
      "version": "0.1.0",
      "resolved": "https://registry.npmjs.org/resolve-id-refs/-/resolve-id-refs-0.1.0.tgz",
      "integrity": "sha1-MSZiS4h0idqPwK6IljL4QTrGw+w="
    },
    "uswds": {
      "version": "2.12.2",
      "resolved": "https://registry.npmjs.org/uswds/-/uswds-2.12.2.tgz",
      "integrity": "sha512-Y9YeILoe4xiH26JpyznSbIsC8osHY88QjTFM3K5r7GcSuryauu7CpPnQdBUCw5R7myc24N5X8S/nxnXvOEtudg==",
      "requires": {
        "classlist-polyfill": "^1.0.3",
        "domready": "^1.0.8",
        "object-assign": "^4.1.1",
        "receptor": "^1.0.0",
        "resolve-id-refs": "^0.1.0"
      }
    }
  }
}
